
Microsoft Visual Studio Solution File, Format Version 12.00
# Visual Studio 15
VisualStudioVersion = 15.0.27703.2047
MinimumVisualStudioVersion = 10.0.40219.1
Project("{FAE04EC0-301F-11D3-BF4B-00C04F79EFBC}") = "amlak", "amlak\amlak.csproj", "{59FBF6C0-22ED-4289-B06B-244F04666574}"
EndProject
Global
	GlobalSection(SolutionConfigurationPlatforms) = preSolution
		Debug|Any CPU = Debug|Any CPU
		Release|Any CPU = Release|Any CPU
	EndGlobalSection
	GlobalSection(ProjectConfigurationPlatforms) = postSolution
		{59FBF6C0-22ED-4289-B06B-244F04666574}.Debug|Any CPU.ActiveCfg = Debug|Any CPU
		{59FBF6C0-22ED-4289-B06B-244F04666574}.Debug|Any CPU.Build.0 = Debug|Any CPU
		{59FBF6C0-22ED-4289-B06B-244F04666574}.Release|Any CPU.ActiveCfg = Release|Any CPU
		{59FBF6C0-22ED-4289-B06B-244F04666574}.Release|Any CPU.Build.0 = Release|Any CPU
	EndGlobalSection
	GlobalSection(SolutionProperties) = preSolution
		HideSolutionNode = FALSE
	EndGlobalSection
	GlobalSection(ExtensibilityGlobals) = postSolution
		SolutionGuid = {E72961D0-C8EE-467A-8906-36DE3A1FE650}
	EndGlobalSection
EndGlobal
